
Microsoft Visual Studio Solution File, Format Version 11.00
# Visual Studio 2010
Project("{FAE04EC0-301F-11D3-BF4B-00C04F79EFBC}") = "Insanity", "Insanity\Insanity\Insanity.csproj", "{4269B031-C5C4-4B36-AD24-74212313AA4C}"
EndProject
Project("{96E2B04D-8817-42C6-938A-82C39BA4D311}") = "InsanityContent", "Insanity\InsanityContent\InsanityContent.contentproj", "{BC9DA511-530F-42F5-859A-AF041F8A75ED}"
EndProject
Global
	GlobalSection(SolutionConfigurationPlatforms) = preSolution
		Debug|x86 = Debug|x86
		Release|x86 = Release|x86
	EndGlobalSection
	GlobalSection(ProjectConfigurationPlatforms) = postSolution
		{4269B031-C5C4-4B36-AD24-74212313AA4C}.Debug|x86.ActiveCfg = Debug|x86
		{4269B031-C5C4-4B36-AD24-74212313AA4C}.Debug|x86.Build.0 = Debug|x86
		{4269B031-C5C4-4B36-AD24-74212313AA4C}.Release|x86.ActiveCfg = Release|x86
		{4269B031-C5C4-4B36-AD24-74212313AA4C}.Release|x86.Build.0 = Release|x86
		{BC9DA511-530F-42F5-859A-AF041F8A75ED}.Debug|x86.ActiveCfg = Debug|x86
		{BC9DA511-530F-42F5-859A-AF041F8A75ED}.Release|x86.ActiveCfg = Release|x86
	EndGlobalSection
	GlobalSection(SolutionProperties) = preSolution
		HideSolutionNode = FALSE
	EndGlobalSection
EndGlobal
